// !$*UTF8*$!
{
	archiveVersion = 1;
	classes = {
	};
	objectVersion = 56;
	objects = {

/* Begin PBXBuildFile section */
		CEBBCB3029075D1100203B2F /* AppDelegate.swift in Sources */ = {isa = PBXBuildFile; fileRef = CEBBCB2F29075D1100203B2F /* AppDelegate.swift */; };
		CEBBCB3229075D1100203B2F /* SceneDelegate.swift in Sources */ = {isa = PBXBuildFile; fileRef = CEBBCB3129075D1100203B2F /* SceneDelegate.swift */; };
		CEBBCB3429075D1100203B2F /* ViewController.swift in Sources */ = {isa = PBXBuildFile; fileRef = CEBBCB3329075D1100203B2F /* ViewController.swift */; };
		CEBBCB3929075D1100203B2F /* Assets.xcassets in Resources */ = {isa = PBXBuildFile; fileRef = CEBBCB3829075D1100203B2F /* Assets.xcassets */; };
		CEBBCB3C29075D1100203B2F /* LaunchScreen.storyboard in Resources */ = {isa = PBXBuildFile; fileRef = CEBBCB3A29075D1100203B2F /* LaunchScreen.storyboard */; };
		CEBBCB4529075E7000203B2F /* LoadNameFromRemote.swift in Sources */ = {isa = PBXBuildFile; fileRef = CEBBCB4429075E7000203B2F /* LoadNameFromRemote.swift */; };
		CEBBCB47290763E500203B2F /* NameLoader.swift in Sources */ = {isa = PBXBuildFile; fileRef = CEBBCB46290763E500203B2F /* NameLoader.swift */; };
		CEBBCB492907644800203B2F /* Presenter.swift in Sources */ = {isa = PBXBuildFile; fileRef = CEBBCB482907644800203B2F /* Presenter.swift */; };
		CEBBCB4B29076A0800203B2F /* Factory.swift in Sources */ = {isa = PBXBuildFile; fileRef = CEBBCB4A29076A0800203B2F /* Factory.swift */; };
		CEBBCB4D29076BAE00203B2F /* AlertPresentable.swift in Sources */ = {isa = PBXBuildFile; fileRef = CEBBCB4C29076BAE00203B2F /* AlertPresentable.swift */; };
		CEBBCB5529076DB900203B2F /* PresenterTests.swift in Sources */ = {isa = PBXBuildFile; fileRef = CEBBCB5429076DB900203B2F /* PresenterTests.swift */; };
/* End PBXBuildFile section */

/* Begin PBXContainerItemProxy section */
		CEBBCB5629076DB900203B2F /* PBXContainerItemProxy */ = {
			isa = PBXContainerItemProxy;
			containerPortal = CEBBCB2429075D1100203B2F /* Project object */;
			proxyType = 1;
			remoteGlobalIDString = CEBBCB2B29075D1100203B2F;
			remoteInfo = CocoaHeads2022;
		};
/* End PBXContainerItemProxy section */

/* Begin PBXFileReference section */
		CEBBCB2C29075D1100203B2F /* CocoaHeads2022.app */ = {isa = PBXFileReference; explicitFileType = wrapper.application; includeInIndex = 0; path = CocoaHeads2022.app; sourceTree = BUILT_PRODUCTS_DIR; };
		CEBBCB2F29075D1100203B2F /* AppDelegate.swift */ = {isa = PBXFileReference; lastKnownFileType = sourcecode.swift; path = AppDelegate.swift; sourceTree = "<group>"; };
		CEBBCB3129075D1100203B2F /* SceneDelegate.swift */ = {isa = PBXFileReference; lastKnownFileType = sourcecode.swift; path = SceneDelegate.swift; sourceTree = "<group>"; };
		CEBBCB3329075D1100203B2F /* ViewController.swift */ = {isa = PBXFileReference; lastKnownFileType = sourcecode.swift; path = ViewController.swift; sourceTree = "<group>"; };
		CEBBCB3829075D1100203B2F /* Assets.xcassets */ = {isa = PBXFileReference; lastKnownFileType = folder.assetcatalog; path = Assets.xcassets; sourceTree = "<group>"; };
		CEBBCB3B29075D1100203B2F /* Base */ = {isa = PBXFileReference; lastKnownFileType = file.storyboard; name = Base; path = Base.lproj/LaunchScreen.storyboard; sourceTree = "<group>"; };
		CEBBCB3D29075D1100203B2F /* Info.plist */ = {isa = PBXFileReference; lastKnownFileType = text.plist.xml; path = Info.plist; sourceTree = "<group>"; };
		CEBBCB4429075E7000203B2F /* LoadNameFromRemote.swift */ = {isa = PBXFileReference; lastKnownFileType = sourcecode.swift; path = LoadNameFromRemote.swift; sourceTree = "<group>"; };
		CEBBCB46290763E500203B2F /* NameLoader.swift */ = {isa = PBXFileReference; lastKnownFileType = sourcecode.swift; path = NameLoader.swift; sourceTree = "<group>"; };
		CEBBCB482907644800203B2F /* Presenter.swift */ = {isa = PBXFileReference; lastKnownFileType = sourcecode.swift; path = Presenter.swift; sourceTree = "<group>"; };
		CEBBCB4A29076A0800203B2F /* Factory.swift */ = {isa = PBXFileReference; lastKnownFileType = sourcecode.swift; path = Factory.swift; sourceTree = "<group>"; };
		CEBBCB4C29076BAE00203B2F /* AlertPresentable.swift */ = {isa = PBXFileReference; lastKnownFileType = sourcecode.swift; path = AlertPresentable.swift; sourceTree = "<group>"; };
		CEBBCB5229076DB900203B2F /* CocoaHeads2022Tests.xctest */ = {isa = PBXFileReference; explicitFileType = wrapper.cfbundle; includeInIndex = 0; path = CocoaHeads2022Tests.xctest; sourceTree = BUILT_PRODUCTS_DIR; };
		CEBBCB5429076DB900203B2F /* PresenterTests.swift */ = {isa = PBXFileReference; lastKnownFileType = sourcecode.swift; path = PresenterTests.swift; sourceTree = "<group>"; };
/* End PBXFileReference section */

/* Begin PBXFrameworksBuildPhase section */
		CEBBCB2929075D1100203B2F /* Frameworks */ = {
			isa = PBXFrameworksBuildPhase;
			buildActionMask = 2147483647;
			files = (
			);
			runOnlyForDeploymentPostprocessing = 0;
		};
		CEBBCB4F29076DB900203B2F /* Frameworks */ = {
			isa = PBXFrameworksBuildPhase;
			buildActionMask = 2147483647;
			files = (
			);
			runOnlyForDeploymentPostprocessing = 0;
		};
/* End PBXFrameworksBuildPhase section */

/* Begin PBXGroup section */
		CEBBCB2329075D1100203B2F = {
			isa = PBXGroup;
			children = (
				CEBBCB2E29075D1100203B2F /* CocoaHeads2022 */,
				CEBBCB5329076DB900203B2F /* CocoaHeads2022Tests */,
				CEBBCB2D29075D1100203B2F /* Products */,
			);
			sourceTree = "<group>";
		};
		CEBBCB2D29075D1100203B2F /* Products */ = {
			isa = PBXGroup;
			children = (
				CEBBCB2C29075D1100203B2F /* CocoaHeads2022.app */,
				CEBBCB5229076DB900203B2F /* CocoaHeads2022Tests.xctest */,
			);
			name = Products;
			sourceTree = "<group>";
		};
		CEBBCB2E29075D1100203B2F /* CocoaHeads2022 */ = {
			isa = PBXGroup;
			children = (
				CEBBCB3D29075D1100203B2F /* Info.plist */,
				CEBBCB4329075D6000203B2F /* Supporting Files */,
				CEBBCB3329075D1100203B2F /* ViewController.swift */,
				CEBBCB4A29076A0800203B2F /* Factory.swift */,
				CEBBCB46290763E500203B2F /* NameLoader.swift */,
				CEBBCB482907644800203B2F /* Presenter.swift */,
				CEBBCB4429075E7000203B2F /* LoadNameFromRemote.swift */,
			);
			path = CocoaHeads2022;
			sourceTree = "<group>";
		};
		CEBBCB4329075D6000203B2F /* Supporting Files */ = {
			isa = PBXGroup;
			children = (
				CEBBCB3A29075D1100203B2F /* LaunchScreen.storyboard */,
				CEBBCB3829075D1100203B2F /* Assets.xcassets */,
				CEBBCB2F29075D1100203B2F /* AppDelegate.swift */,
				CEBBCB3129075D1100203B2F /* SceneDelegate.swift */,
				CEBBCB4C29076BAE00203B2F /* AlertPresentable.swift */,
			);
			path = "Supporting Files";
			sourceTree = "<group>";
		};
		CEBBCB5329076DB900203B2F /* CocoaHeads2022Tests */ = {
			isa = PBXGroup;
			children = (
				CEBBCB5429076DB900203B2F /* PresenterTests.swift */,
			);
			path = CocoaHeads2022Tests;
			sourceTree = "<group>";
		};
/* End PBXGroup section */

/* Begin PBXNativeTarget section */
		CEBBCB2B29075D1100203B2F /* CocoaHeads2022 */ = {
			isa = PBXNativeTarget;
			buildConfigurationList = CEBBCB4029075D1100203B2F /* Build configuration list for PBXNativeTarget "CocoaHeads2022" */;
			buildPhases = (
				CEBBCB2829075D1100203B2F /* Sources */,
				CEBBCB2929075D1100203B2F /* Frameworks */,
				CEBBCB2A29075D1100203B2F /* Resources */,
			);
			buildRules = (
			);
			dependencies = (
			);
			name = CocoaHeads2022;
			productName = CocoaHeads2022;
			productReference = CEBBCB2C29075D1100203B2F /* CocoaHeads2022.app */;
			productType = "com.apple.product-type.application";
		};
		CEBBCB5129076DB900203B2F /* CocoaHeads2022Tests */ = {
			isa = PBXNativeTarget;
			buildConfigurationList = CEBBCB5829076DB900203B2F /* Build configuration list for PBXNativeTarget "CocoaHeads2022Tests" */;
			buildPhases = (
				CEBBCB4E29076DB900203B2F /* Sources */,
				CEBBCB4F29076DB900203B2F /* Frameworks */,
				CEBBCB5029076DB900203B2F /* Resources */,
			);
			buildRules = (
			);
			dependencies = (
				CEBBCB5729076DB900203B2F /* PBXTargetDependency */,
			);
			name = CocoaHeads2022Tests;
			productName = CocoaHeads2022Tests;
			productReference = CEBBCB5229076DB900203B2F /* CocoaHeads2022Tests.xctest */;
			productType = "com.apple.product-type.bundle.unit-test";
		};
/* End PBXNativeTarget section */

/* Begin PBXProject section */
		CEBBCB2429075D1100203B2F /* Project object */ = {
			isa = PBXProject;
			attributes = {
				BuildIndependentTargetsInParallel = 1;
				LastSwiftUpdateCheck = 1400;
				LastUpgradeCheck = 1400;
				TargetAttributes = {
					CEBBCB2B29075D1100203B2F = {
						CreatedOnToolsVersion = 14.0.1;
					};
					CEBBCB5129076DB900203B2F = {
						CreatedOnToolsVersion = 14.0.1;
						TestTargetID = CEBBCB2B29075D1100203B2F;
					};
				};
			};
			buildConfigurationList = CEBBCB2729075D1100203B2F /* Build configuration list for PBXProject "CocoaHeads2022" */;
			compatibilityVersion = "Xcode 14.0";
			developmentRegion = en;
			hasScannedForEncodings = 0;
			knownRegions = (
				en,
				Base,
			);
			mainGroup = CEBBCB2329075D1100203B2F;
			productRefGroup = CEBBCB2D29075D1100203B2F /* Products */;
			projectDirPath = "";
			projectRoot = "";
			targets = (
				CEBBCB2B29075D1100203B2F /* CocoaHeads2022 */,
				CEBBCB5129076DB900203B2F /* CocoaHeads2022Tests */,
			);
		};
/* End PBXProject section */

/* Begin PBXResourcesBuildPhase section */
		CEBBCB2A29075D1100203B2F /* Resources */ = {
			isa = PBXResourcesBuildPhase;
			buildActionMask = 2147483647;
			files = (
				CEBBCB3C29075D1100203B2F /* LaunchScreen.storyboard in Resources */,
				CEBBCB3929075D1100203B2F /* Assets.xcassets in Resources */,
			);
			runOnlyForDeploymentPostprocessing = 0;
		};
		CEBBCB5029076DB900203B2F /* Resources */ = {
			isa = PBXResourcesBuildPhase;
			buildActionMask = 2147483647;
			files = (
			);
			runOnlyForDeploymentPostprocessing = 0;
		};
/* End PBXResourcesBuildPhase section */

/* Begin PBXSourcesBuildPhase section */
		CEBBCB2829075D1100203B2F /* Sources */ = {
			isa = PBXSourcesBuildPhase;
			buildActionMask = 2147483647;
			files = (
				CEBBCB492907644800203B2F /* Presenter.swift in Sources */,
				CEBBCB3429075D1100203B2F /* ViewController.swift in Sources */,
				CEBBCB4529075E7000203B2F /* LoadNameFromRemote.swift in Sources */,
				CEBBCB3029075D1100203B2F /* AppDelegate.swift in Sources */,
				CEBBCB47290763E500203B2F /* NameLoader.swift in Sources */,
				CEBBCB3229075D1100203B2F /* SceneDelegate.swift in Sources */,
				CEBBCB4D29076BAE00203B2F /* AlertPresentable.swift in Sources */,
				CEBBCB4B29076A0800203B2F /* Factory.swift in Sources */,
			);
			runOnlyForDeploymentPostprocessing = 0;
		};
		CEBBCB4E29076DB900203B2F /* Sources */ = {
			isa = PBXSourcesBuildPhase;
			buildActionMask = 2147483647;
			files = (
				CEBBCB5529076DB900203B2F /* PresenterTests.swift in Sources */,
			);
			runOnlyForDeploymentPostprocessing = 0;
		};
/* End PBXSourcesBuildPhase section */

/* Begin PBXTargetDependency section */
		CEBBCB5729076DB900203B2F /* PBXTargetDependency */ = {
			isa = PBXTargetDependency;
			target = CEBBCB2B29075D1100203B2F /* CocoaHeads2022 */;
			targetProxy = CEBBCB5629076DB900203B2F /* PBXContainerItemProxy */;
		};
/* End PBXTargetDependency section */

/* Begin PBXVariantGroup section */
		CEBBCB3A29075D1100203B2F /* LaunchScreen.storyboard */ = {
			isa = PBXVariantGroup;
			children = (
				CEBBCB3B29075D1100203B2F /* Base */,
			);
			name = LaunchScreen.storyboard;
			sourceTree = "<group>";
		};
/* End PBXVariantGroup section */

/* Begin XCBuildConfiguration section */
		CEBBCB3E29075D1100203B2F /* Debug */ = {
			isa = XCBuildConfiguration;
			buildSettings = {
				ALWAYS_SEARCH_USER_PATHS = NO;
				CLANG_ANALYZER_NONNULL = YES;
				CLANG_ANALYZER_NUMBER_OBJECT_CONVERSION = YES_AGGRESSIVE;
				CLANG_CXX_LANGUAGE_STANDARD = "gnu++20";
				CLANG_ENABLE_MODULES = YES;
				CLANG_ENABLE_OBJC_ARC = YES;
				CLANG_ENABLE_OBJC_WEAK = YES;
				CLANG_WARN_BLOCK_CAPTURE_AUTORELEASING = YES;
				CLANG_WARN_BOOL_CONVERSION = YES;
				CLANG_WARN_COMMA = YES;
				CLANG_WARN_CONSTANT_CONVERSION = YES;
				CLANG_WARN_DEPRECATED_OBJC_IMPLEMENTATIONS = YES;
				CLANG_WARN_DIRECT_OBJC_ISA_USAGE = YES_ERROR;
				CLANG_WARN_DOCUMENTATION_COMMENTS = YES;
				CLANG_WARN_EMPTY_BODY = YES;
				CLANG_WARN_ENUM_CONVERSION = YES;
				CLANG_WARN_INFINITE_RECURSION = YES;
				CLANG_WARN_INT_CONVERSION = YES;
				CLANG_WARN_NON_LITERAL_NULL_CONVERSION = YES;
				CLANG_WARN_OBJC_IMPLICIT_RETAIN_SELF = YES;
				CLANG_WARN_OBJC_LITERAL_CONVERSION = YES;
				CLANG_WARN_OBJC_ROOT_CLASS = YES_ERROR;
				CLANG_WARN_QUOTED_INCLUDE_IN_FRAMEWORK_HEADER = YES;
				CLANG_WARN_RANGE_LOOP_ANALYSIS = YES;
				CLANG_WARN_STRICT_PROTOTYPES = YES;
				CLANG_WARN_SUSPICIOUS_MOVE = YES;
				CLANG_WARN_UNGUARDED_AVAILABILITY = YES_AGGRESSIVE;
				CLANG_WARN_UNREACHABLE_CODE = YES;
				CLANG_WARN__DUPLICATE_METHOD_MATCH = YES;
				COPY_PHASE_STRIP = NO;
				DEBUG_INFORMATION_FORMAT = dwarf;
				ENABLE_STRICT_OBJC_MSGSEND = YES;
				ENABLE_TESTABILITY = YES;
				GCC_C_LANGUAGE_STANDARD = gnu11;
				GCC_DYNAMIC_NO_PIC = NO;
				GCC_NO_COMMON_BLOCKS = YES;
				GCC_OPTIMIZATION_LEVEL = 0;
				GCC_PREPROCESSOR_DEFINITIONS = (
					"DEBUG=1",
					"$(inherited)",
				);
				GCC_WARN_64_TO_32_BIT_CONVERSION = YES;
				GCC_WARN_ABOUT_RETURN_TYPE = YES_ERROR;
				GCC_WARN_UNDECLARED_SELECTOR = YES;
				GCC_WARN_UNINITIALIZED_AUTOS = YES_AGGRESSIVE;
				GCC_WARN_UNUSED_FUNCTION = YES;
				GCC_WARN_UNUSED_VARIABLE = YES;
				IPHONEOS_DEPLOYMENT_TARGET = 16.0;
				MTL_ENABLE_DEBUG_INFO = INCLUDE_SOURCE;
				MTL_FAST_MATH = YES;
				ONLY_ACTIVE_ARCH = YES;
				SDKROOT = iphoneos;
				SWIFT_ACTIVE_COMPILATION_CONDITIONS = DEBUG;
				SWIFT_OPTIMIZATION_LEVEL = "-Onone";
			};
			name = Debug;
		};
		CEBBCB3F29075D1100203B2F /* Release */ = {
			isa = XCBuildConfiguration;
			buildSettings = {
				ALWAYS_SEARCH_USER_PATHS = NO;
				CLANG_ANALYZER_NONNULL = YES;
				CLANG_ANALYZER_NUMBER_OBJECT_CONVERSION = YES_AGGRESSIVE;
				CLANG_CXX_LANGUAGE_STANDARD = "gnu++20";
				CLANG_ENABLE_MODULES = YES;
				CLANG_ENABLE_OBJC_ARC = YES;
				CLANG_ENABLE_OBJC_WEAK = YES;
				CLANG_WARN_BLOCK_CAPTURE_AUTORELEASING = YES;
				CLANG_WARN_BOOL_CONVERSION = YES;
				CLANG_WARN_COMMA = YES;
				CLANG_WARN_CONSTANT_CONVERSION = YES;
				CLANG_WARN_DEPRECATED_OBJC_IMPLEMENTATIONS = YES;
				CLANG_WARN_DIRECT_OBJC_ISA_USAGE = YES_ERROR;
				CLANG_WARN_DOCUMENTATION_COMMENTS = YES;
				CLANG_WARN_EMPTY_BODY = YES;
				CLANG_WARN_ENUM_CONVERSION = YES;
				CLANG_WARN_INFINITE_RECURSION = YES;
				CLANG_WARN_INT_CONVERSION = YES;
				CLANG_WARN_NON_LITERAL_NULL_CONVERSION = YES;
				CLANG_WARN_OBJC_IMPLICIT_RETAIN_SELF = YES;
				CLANG_WARN_OBJC_LITERAL_CONVERSION = YES;
				CLANG_WARN_OBJC_ROOT_CLASS = YES_ERROR;
				CLANG_WARN_QUOTED_INCLUDE_IN_FRAMEWORK_HEADER = YES;
				CLANG_WARN_RANGE_LOOP_ANALYSIS = YES;
				CLANG_WARN_STRICT_PROTOTYPES = YES;
				CLANG_WARN_SUSPICIOUS_MOVE = YES;
				CLANG_WARN_UNGUARDED_AVAILABILITY = YES_AGGRESSIVE;
				CLANG_WARN_UNREACHABLE_CODE = YES;
				CLANG_WARN__DUPLICATE_METHOD_MATCH = YES;
				COPY_PHASE_STRIP = NO;
				DEBUG_INFORMATION_FORMAT = "dwarf-with-dsym";
				ENABLE_NS_ASSERTIONS = NO;
				ENABLE_STRICT_OBJC_MSGSEND = YES;
				GCC_C_LANGUAGE_STANDARD = gnu11;
				GCC_NO_COMMON_BLOCKS = YES;
				GCC_WARN_64_TO_32_BIT_CONVERSION = YES;
				GCC_WARN_ABOUT_RETURN_TYPE = YES_ERROR;
				GCC_WARN_UNDECLARED_SELECTOR = YES;
				GCC_WARN_UNINITIALIZED_AUTOS = YES_AGGRESSIVE;
				GCC_WARN_UNUSED_FUNCTION = YES;
				GCC_WARN_UNUSED_VARIABLE = YES;
				IPHONEOS_DEPLOYMENT_TARGET = 16.0;
				MTL_ENABLE_DEBUG_INFO = NO;
				MTL_FAST_MATH = YES;
				SDKROOT = iphoneos;
				SWIFT_COMPILATION_MODE = wholemodule;
				SWIFT_OPTIMIZATION_LEVEL = "-O";
				VALIDATE_PRODUCT = YES;
			};
			name = Release;
		};
		CEBBCB4129075D1100203B2F /* Debug */ = {
			isa = XCBuildConfiguration;
			buildSettings = {
				ASSETCATALOG_COMPILER_APPICON_NAME = AppIcon;
				ASSETCATALOG_COMPILER_GLOBAL_ACCENT_COLOR_NAME = AccentColor;
				CODE_SIGN_STYLE = Automatic;
				CURRENT_PROJECT_VERSION = 1;
				GENERATE_INFOPLIST_FILE = YES;
				INFOPLIST_FILE = CocoaHeads2022/Info.plist;
				INFOPLIST_KEY_UIApplicationSupportsIndirectInputEvents = YES;
				INFOPLIST_KEY_UILaunchStoryboardName = LaunchScreen;
				INFOPLIST_KEY_UISupportedInterfaceOrientations = UIInterfaceOrientationPortrait;
				INFOPLIST_KEY_UISupportedInterfaceOrientations_iPad = "UIInterfaceOrientationLandscapeLeft UIInterfaceOrientationLandscapeRight UIInterfaceOrientationPortrait UIInterfaceOrientationPortraitUpsideDown";
				LD_RUNPATH_SEARCH_PATHS = (
					"$(inherited)",
					"@executable_path/Frameworks",
				);
				MARKETING_VERSION = 1.0;
				PRODUCT_BUNDLE_IDENTIFIER = sales.mentor.nnt.com.CocoaHeads2022;
				PRODUCT_NAME = "$(TARGET_NAME)";
				SUPPORTED_PLATFORMS = "iphoneos iphonesimulator";
				SUPPORTS_MACCATALYST = NO;
				SUPPORTS_MAC_DESIGNED_FOR_IPHONE_IPAD = NO;
				SWIFT_EMIT_LOC_STRINGS = YES;
				SWIFT_VERSION = 5.0;
				TARGETED_DEVICE_FAMILY = 1;
			};
			name = Debug;
		};
		CEBBCB4229075D1100203B2F /* Release */ = {
			isa = XCBuildConfiguration;
			buildSettings = {
				ASSETCATALOG_COMPILER_APPICON_NAME = AppIcon;
				ASSETCATALOG_COMPILER_GLOBAL_ACCENT_COLOR_NAME = AccentColor;
				CODE_SIGN_STYLE = Automatic;
				CURRENT_PROJECT_VERSION = 1;
				GENERATE_INFOPLIST_FILE = YES;
				INFOPLIST_FILE = CocoaHeads2022/Info.plist;
				INFOPLIST_KEY_UIApplicationSupportsIndirectInputEvents = YES;
				INFOPLIST_KEY_UILaunchStoryboardName = LaunchScreen;
				INFOPLIST_KEY_UISupportedInterfaceOrientations = UIInterfaceOrientationPortrait;
				INFOPLIST_KEY_UISupportedInterfaceOrientations_iPad = "UIInterfaceOrientationLandscapeLeft UIInterfaceOrientationLandscapeRight UIInterfaceOrientationPortrait UIInterfaceOrientationPortraitUpsideDown";
				LD_RUNPATH_SEARCH_PATHS = (
					"$(inherited)",
					"@executable_path/Frameworks",
				);
				MARKETING_VERSION = 1.0;
				PRODUCT_BUNDLE_IDENTIFIER = sales.mentor.nnt.com.CocoaHeads2022;
				PRODUCT_NAME = "$(TARGET_NAME)";
				SUPPORTED_PLATFORMS = "iphoneos iphonesimulator";
				SUPPORTS_MACCATALYST = NO;
				SUPPORTS_MAC_DESIGNED_FOR_IPHONE_IPAD = NO;
				SWIFT_EMIT_LOC_STRINGS = YES;
				SWIFT_VERSION = 5.0;
				TARGETED_DEVICE_FAMILY = 1;
			};
			name = Release;
		};
		CEBBCB5929076DB900203B2F /* Debug */ = {
			isa = XCBuildConfiguration;
			buildSettings = {
				BUNDLE_LOADER = "$(TEST_HOST)";
				CODE_SIGN_STYLE = Automatic;
				CURRENT_PROJECT_VERSION = 1;
				GENERATE_INFOPLIST_FILE = YES;
				MARKETING_VERSION = 1.0;
				PRODUCT_BUNDLE_IDENTIFIER = sales.mentor.nnt.com.CocoaHeads2022Tests;
				PRODUCT_NAME = "$(TARGET_NAME)";
				SWIFT_EMIT_LOC_STRINGS = NO;
				SWIFT_VERSION = 5.0;
				TARGETED_DEVICE_FAMILY = "1,2";
				TEST_HOST = "$(BUILT_PRODUCTS_DIR)/CocoaHeads2022.app/$(BUNDLE_EXECUTABLE_FOLDER_PATH)/CocoaHeads2022";
			};
			name = Debug;
		};
		CEBBCB5A29076DB900203B2F /* Release */ = {
			isa = XCBuildConfiguration;
			buildSettings = {
				BUNDLE_LOADER = "$(TEST_HOST)";
				CODE_SIGN_STYLE = Automatic;
				CURRENT_PROJECT_VERSION = 1;
				GENERATE_INFOPLIST_FILE = YES;
				MARKETING_VERSION = 1.0;
				PRODUCT_BUNDLE_IDENTIFIER = sales.mentor.nnt.com.CocoaHeads2022Tests;
				PRODUCT_NAME = "$(TARGET_NAME)";
				SWIFT_EMIT_LOC_STRINGS = NO;
				SWIFT_VERSION = 5.0;
				TARGETED_DEVICE_FAMILY = "1,2";
				TEST_HOST = "$(BUILT_PRODUCTS_DIR)/CocoaHeads2022.app/$(BUNDLE_EXECUTABLE_FOLDER_PATH)/CocoaHeads2022";
			};
			name = Release;
		};
/* End XCBuildConfiguration section */

/* Begin XCConfigurationList section */
		CEBBCB2729075D1100203B2F /* Build configuration list for PBXProject "CocoaHeads2022" */ = {
			isa = XCConfigurationList;
			buildConfigurations = (
				CEBBCB3E29075D1100203B2F /* Debug */,
				CEBBCB3F29075D1100203B2F /* Release */,
			);
			defaultConfigurationIsVisible = 0;
			defaultConfigurationName = Release;
		};
		CEBBCB4029075D1100203B2F /* Build configuration list for PBXNativeTarget "CocoaHeads2022" */ = {
			isa = XCConfigurationList;
			buildConfigurations = (
				CEBBCB4129075D1100203B2F /* Debug */,
				CEBBCB4229075D1100203B2F /* Release */,
			);
			defaultConfigurationIsVisible = 0;
			defaultConfigurationName = Release;
		};
		CEBBCB5829076DB900203B2F /* Build configuration list for PBXNativeTarget "CocoaHeads2022Tests" */ = {
			isa = XCConfigurationList;
			buildConfigurations = (
				CEBBCB5929076DB900203B2F /* Debug */,
				CEBBCB5A29076DB900203B2F /* Release */,
			);
			defaultConfigurationIsVisible = 0;
			defaultConfigurationName = Release;
		};
/* End XCConfigurationList section */
	};
	rootObject = CEBBCB2429075D1100203B2F /* Project object */;
}
